{
  "name": "markdown-studio-offline",
  "version": "2.0.0",
  "lockfileVersion": 3,
  "requires": true,
  "packages": {
    "": {
      "name": "markdown-studio-offline",
      "version": "2.0.0",
      "license": "UNLICENSED",
      "dependencies": {
        "gfm-wasm": "1.0.1"
      }
    },
    "node_modules/gfm-wasm": {
      "version": "1.0.1",
      "resolved": "https://registry.npmjs.org/gfm-wasm/-/gfm-wasm-1.0.1.tgz",
      "integrity": "sha512-IIKeTjUwlfkXaV/pd1ZnAsPDcPWb+BO8WwbV4YhnD0VtObcvQ9fqpaaGECWtdUr5eNED9Pu9zFJR68/N0JFt2Q==",
      "license": "(MIT AND BSD-2-Clause)"
    }
  }
}
